
Microsoft Visual Studio Solution File, Format Version 12.00
# Visual Studio Version 16
VisualStudioVersion = 16.0.31424.327
MinimumVisualStudioVersion = 10.0.40219.1
Project("{FAE04EC0-301F-11D3-BF4B-00C04F79EFBC}") = "Internship", "Internship\Internship.csproj", "{EBAB2692-A0B7-412F-BF2B-E8A5B038F04B}"
EndProject
Global
	GlobalSection(SolutionConfigurationPlatforms) = preSolution
		Debug|Any CPU = Debug|Any CPU
		Release|Any CPU = Release|Any CPU
	EndGlobalSection
	GlobalSection(ProjectConfigurationPlatforms) = postSolution
		{EBAB2692-A0B7-412F-BF2B-E8A5B038F04B}.Debug|Any CPU.ActiveCfg = Debug|Any CPU
		{EBAB2692-A0B7-412F-BF2B-E8A5B038F04B}.Debug|Any CPU.Build.0 = Debug|Any CPU
		{EBAB2692-A0B7-412F-BF2B-E8A5B038F04B}.Release|Any CPU.ActiveCfg = Release|Any CPU
		{EBAB2692-A0B7-412F-BF2B-E8A5B038F04B}.Release|Any CPU.Build.0 = Release|Any CPU
	EndGlobalSection
	GlobalSection(SolutionProperties) = preSolution
		HideSolutionNode = FALSE
	EndGlobalSection
	GlobalSection(ExtensibilityGlobals) = postSolution
		SolutionGuid = {18AC423F-3072-4288-A989-07150B48275F}
	EndGlobalSection
EndGlobal
